
Microsoft Visual Studio Solution File, Format Version 12.00
# Visual Studio 2012
Project("{FAE04EC0-301F-11D3-BF4B-00C04F79EFBC}") = "Predavanje2", "Predavanje2\Predavanje2.csproj", "{A1260F0C-9DE1-4C90-9E6D-9B48894D1FFC}"
EndProject
Global
	GlobalSection(SolutionConfigurationPlatforms) = preSolution
		Debug|Any CPU = Debug|Any CPU
		Release|Any CPU = Release|Any CPU
	EndGlobalSection
	GlobalSection(ProjectConfigurationPlatforms) = postSolution
		{A1260F0C-9DE1-4C90-9E6D-9B48894D1FFC}.Debug|Any CPU.ActiveCfg = Debug|Any CPU
		{A1260F0C-9DE1-4C90-9E6D-9B48894D1FFC}.Debug|Any CPU.Build.0 = Debug|Any CPU
		{A1260F0C-9DE1-4C90-9E6D-9B48894D1FFC}.Release|Any CPU.ActiveCfg = Release|Any CPU
		{A1260F0C-9DE1-4C90-9E6D-9B48894D1FFC}.Release|Any CPU.Build.0 = Release|Any CPU
	EndGlobalSection
	GlobalSection(SolutionProperties) = preSolution
		HideSolutionNode = FALSE
	EndGlobalSection
EndGlobal
