
Microsoft Visual Studio Solution File, Format Version 12.00
# Visual Studio Version 16
VisualStudioVersion = 16.0.29418.71
MinimumVisualStudioVersion = 10.0.40219.1
Project("{FAE04EC0-301F-11D3-BF4B-00C04F79EFBC}") = "Predavanje 3", "Predavanje 3\Predavanje 3.csproj", "{FEF1A905-7450-4537-AD62-BEA867F2E860}"
EndProject
Global
	GlobalSection(SolutionConfigurationPlatforms) = preSolution
		Debug|Any CPU = Debug|Any CPU
		Release|Any CPU = Release|Any CPU
	EndGlobalSection
	GlobalSection(ProjectConfigurationPlatforms) = postSolution
		{FEF1A905-7450-4537-AD62-BEA867F2E860}.Debug|Any CPU.ActiveCfg = Debug|Any CPU
		{FEF1A905-7450-4537-AD62-BEA867F2E860}.Debug|Any CPU.Build.0 = Debug|Any CPU
		{FEF1A905-7450-4537-AD62-BEA867F2E860}.Release|Any CPU.ActiveCfg = Release|Any CPU
		{FEF1A905-7450-4537-AD62-BEA867F2E860}.Release|Any CPU.Build.0 = Release|Any CPU
	EndGlobalSection
	GlobalSection(SolutionProperties) = preSolution
		HideSolutionNode = FALSE
	EndGlobalSection
	GlobalSection(ExtensibilityGlobals) = postSolution
		SolutionGuid = {92A65700-2D25-43CA-AAB5-BD54038A58EB}
	EndGlobalSection
EndGlobal
