
Microsoft Visual Studio Solution File, Format Version 12.00
# Visual Studio Version 16
VisualStudioVersion = 16.0.30011.22
MinimumVisualStudioVersion = 10.0.40219.1
Project("{FAE04EC0-301F-11D3-BF4B-00C04F79EFBC}") = "DOTNServis", "DOTNServis\DOTNServis.csproj", "{214FAF84-35E0-487B-9017-B349B839502E}"
EndProject
Global
	GlobalSection(SolutionConfigurationPlatforms) = preSolution
		Debug|Any CPU = Debug|Any CPU
		Release|Any CPU = Release|Any CPU
	EndGlobalSection
	GlobalSection(ProjectConfigurationPlatforms) = postSolution
		{214FAF84-35E0-487B-9017-B349B839502E}.Debug|Any CPU.ActiveCfg = Debug|Any CPU
		{214FAF84-35E0-487B-9017-B349B839502E}.Debug|Any CPU.Build.0 = Debug|Any CPU
		{214FAF84-35E0-487B-9017-B349B839502E}.Release|Any CPU.ActiveCfg = Release|Any CPU
		{214FAF84-35E0-487B-9017-B349B839502E}.Release|Any CPU.Build.0 = Release|Any CPU
	EndGlobalSection
	GlobalSection(SolutionProperties) = preSolution
		HideSolutionNode = FALSE
	EndGlobalSection
	GlobalSection(ExtensibilityGlobals) = postSolution
		SolutionGuid = {20E8A745-83E7-4F30-86A5-FA664C6D169B}
	EndGlobalSection
EndGlobal
