
Microsoft Visual Studio Solution File, Format Version 12.00
# Visual Studio 15
VisualStudioVersion = 15.0.26730.16
MinimumVisualStudioVersion = 10.0.40219.1
Project("{FAE04EC0-301F-11D3-BF4B-00C04F79EFBC}") = "Predavanje 6", "Predavanje 6\Predavanje 6.csproj", "{900AF67F-22CF-4018-9485-6D5BB8EC4329}"
EndProject
Global
	GlobalSection(SolutionConfigurationPlatforms) = preSolution
		Debug|Any CPU = Debug|Any CPU
		Release|Any CPU = Release|Any CPU
	EndGlobalSection
	GlobalSection(ProjectConfigurationPlatforms) = postSolution
		{900AF67F-22CF-4018-9485-6D5BB8EC4329}.Debug|Any CPU.ActiveCfg = Debug|Any CPU
		{900AF67F-22CF-4018-9485-6D5BB8EC4329}.Debug|Any CPU.Build.0 = Debug|Any CPU
		{900AF67F-22CF-4018-9485-6D5BB8EC4329}.Release|Any CPU.ActiveCfg = Release|Any CPU
		{900AF67F-22CF-4018-9485-6D5BB8EC4329}.Release|Any CPU.Build.0 = Release|Any CPU
	EndGlobalSection
	GlobalSection(SolutionProperties) = preSolution
		HideSolutionNode = FALSE
	EndGlobalSection
	GlobalSection(ExtensibilityGlobals) = postSolution
		SolutionGuid = {A57C5D9E-B18A-42D5-AD92-6551CA314E37}
	EndGlobalSection
EndGlobal
