
Microsoft Visual Studio Solution File, Format Version 12.00
# Visual Studio 14
VisualStudioVersion = 14.0.23107.0
MinimumVisualStudioVersion = 10.0.40219.1
Project("{FAE04EC0-301F-11D3-BF4B-00C04F79EFBC}") = "Predavanje 2", "Predavanje 2\Predavanje 2.csproj", "{AF9651AE-C3E5-4C1C-84DE-C90EAE067D0B}"
EndProject
Global
	GlobalSection(SolutionConfigurationPlatforms) = preSolution
		Debug|Any CPU = Debug|Any CPU
		Release|Any CPU = Release|Any CPU
	EndGlobalSection
	GlobalSection(ProjectConfigurationPlatforms) = postSolution
		{AF9651AE-C3E5-4C1C-84DE-C90EAE067D0B}.Debug|Any CPU.ActiveCfg = Debug|Any CPU
		{AF9651AE-C3E5-4C1C-84DE-C90EAE067D0B}.Debug|Any CPU.Build.0 = Debug|Any CPU
		{AF9651AE-C3E5-4C1C-84DE-C90EAE067D0B}.Release|Any CPU.ActiveCfg = Release|Any CPU
		{AF9651AE-C3E5-4C1C-84DE-C90EAE067D0B}.Release|Any CPU.Build.0 = Release|Any CPU
	EndGlobalSection
	GlobalSection(SolutionProperties) = preSolution
		HideSolutionNode = FALSE
	EndGlobalSection
EndGlobal
