
Microsoft Visual Studio Solution File, Format Version 12.00
# Visual Studio 15
VisualStudioVersion = 15.0.27428.2037
MinimumVisualStudioVersion = 10.0.40219.1
Project("{FAE04EC0-301F-11D3-BF4B-00C04F79EFBC}") = "WcfServis", "WcfServis\WcfServis.csproj", "{2E9D0498-696C-45D2-AE31-8F79E604466B}"
EndProject
Global
	GlobalSection(SolutionConfigurationPlatforms) = preSolution
		Debug|Any CPU = Debug|Any CPU
		Release|Any CPU = Release|Any CPU
	EndGlobalSection
	GlobalSection(ProjectConfigurationPlatforms) = postSolution
		{2E9D0498-696C-45D2-AE31-8F79E604466B}.Debug|Any CPU.ActiveCfg = Debug|Any CPU
		{2E9D0498-696C-45D2-AE31-8F79E604466B}.Debug|Any CPU.Build.0 = Debug|Any CPU
		{2E9D0498-696C-45D2-AE31-8F79E604466B}.Release|Any CPU.ActiveCfg = Release|Any CPU
		{2E9D0498-696C-45D2-AE31-8F79E604466B}.Release|Any CPU.Build.0 = Release|Any CPU
	EndGlobalSection
	GlobalSection(SolutionProperties) = preSolution
		HideSolutionNode = FALSE
	EndGlobalSection
	GlobalSection(ExtensibilityGlobals) = postSolution
		SolutionGuid = {41F03208-0710-4225-9CA9-9639E04F7786}
	EndGlobalSection
EndGlobal
