
Microsoft Visual Studio Solution File, Format Version 12.00
# Visual Studio Version 16
VisualStudioVersion = 16.0.29911.84
MinimumVisualStudioVersion = 10.0.40219.1
Project("{FAE04EC0-301F-11D3-BF4B-00C04F79EFBC}") = "Predavanje 5", "Predavanje 5\Predavanje 5.csproj", "{1AAA65F7-890B-48EF-BB88-A297B79969D3}"
EndProject
Global
	GlobalSection(SolutionConfigurationPlatforms) = preSolution
		Debug|Any CPU = Debug|Any CPU
		Release|Any CPU = Release|Any CPU
	EndGlobalSection
	GlobalSection(ProjectConfigurationPlatforms) = postSolution
		{1AAA65F7-890B-48EF-BB88-A297B79969D3}.Debug|Any CPU.ActiveCfg = Debug|Any CPU
		{1AAA65F7-890B-48EF-BB88-A297B79969D3}.Debug|Any CPU.Build.0 = Debug|Any CPU
		{1AAA65F7-890B-48EF-BB88-A297B79969D3}.Release|Any CPU.ActiveCfg = Release|Any CPU
		{1AAA65F7-890B-48EF-BB88-A297B79969D3}.Release|Any CPU.Build.0 = Release|Any CPU
	EndGlobalSection
	GlobalSection(SolutionProperties) = preSolution
		HideSolutionNode = FALSE
	EndGlobalSection
	GlobalSection(ExtensibilityGlobals) = postSolution
		SolutionGuid = {DEA40DE3-202E-44B9-B42B-29622CC437E7}
	EndGlobalSection
EndGlobal
