
Microsoft Visual Studio Solution File, Format Version 12.00
# Visual Studio 15
VisualStudioVersion = 15.0.28307.136
MinimumVisualStudioVersion = 10.0.40219.1
Project("{FAE04EC0-301F-11D3-BF4B-00C04F79EFBC}") = "Predavanje 2", "Predavanje 2\Predavanje 2.csproj", "{A687C9DA-DC44-47C8-9329-F699222B20A9}"
EndProject
Global
	GlobalSection(SolutionConfigurationPlatforms) = preSolution
		Debug|Any CPU = Debug|Any CPU
		Release|Any CPU = Release|Any CPU
	EndGlobalSection
	GlobalSection(ProjectConfigurationPlatforms) = postSolution
		{A687C9DA-DC44-47C8-9329-F699222B20A9}.Debug|Any CPU.ActiveCfg = Debug|Any CPU
		{A687C9DA-DC44-47C8-9329-F699222B20A9}.Debug|Any CPU.Build.0 = Debug|Any CPU
		{A687C9DA-DC44-47C8-9329-F699222B20A9}.Release|Any CPU.ActiveCfg = Release|Any CPU
		{A687C9DA-DC44-47C8-9329-F699222B20A9}.Release|Any CPU.Build.0 = Release|Any CPU
	EndGlobalSection
	GlobalSection(SolutionProperties) = preSolution
		HideSolutionNode = FALSE
	EndGlobalSection
	GlobalSection(ExtensibilityGlobals) = postSolution
		SolutionGuid = {440CE6C0-8F2C-4692-9819-E2B2F813D8F2}
	EndGlobalSection
EndGlobal
