
Microsoft Visual Studio Solution File, Format Version 12.00
# Visual Studio 15
VisualStudioVersion = 15.0.28307.421
MinimumVisualStudioVersion = 10.0.40219.1
Project("{FAE04EC0-301F-11D3-BF4B-00C04F79EFBC}") = "DOTNPorukeServis", "DOTNPorukeServis\DOTNPorukeServis.csproj", "{CA077551-F5AC-4D33-8E76-F91344537B05}"
EndProject
Global
	GlobalSection(SolutionConfigurationPlatforms) = preSolution
		Debug|Any CPU = Debug|Any CPU
		Release|Any CPU = Release|Any CPU
	EndGlobalSection
	GlobalSection(ProjectConfigurationPlatforms) = postSolution
		{CA077551-F5AC-4D33-8E76-F91344537B05}.Debug|Any CPU.ActiveCfg = Debug|Any CPU
		{CA077551-F5AC-4D33-8E76-F91344537B05}.Debug|Any CPU.Build.0 = Debug|Any CPU
		{CA077551-F5AC-4D33-8E76-F91344537B05}.Release|Any CPU.ActiveCfg = Release|Any CPU
		{CA077551-F5AC-4D33-8E76-F91344537B05}.Release|Any CPU.Build.0 = Release|Any CPU
	EndGlobalSection
	GlobalSection(SolutionProperties) = preSolution
		HideSolutionNode = FALSE
	EndGlobalSection
	GlobalSection(ExtensibilityGlobals) = postSolution
		SolutionGuid = {9D988BE2-79B8-4FC5-83FF-453D8FEAC9A9}
	EndGlobalSection
EndGlobal
