
Microsoft Visual Studio Solution File, Format Version 12.00
# Visual Studio 15
VisualStudioVersion = 15.0.28307.136
MinimumVisualStudioVersion = 10.0.40219.1
Project("{FAE04EC0-301F-11D3-BF4B-00C04F79EFBC}") = "Predavanje 4", "Predavanje 4\Predavanje 4.csproj", "{F6DE4F96-C1B2-483C-8433-7FE27AA81D76}"
EndProject
Global
	GlobalSection(SolutionConfigurationPlatforms) = preSolution
		Debug|Any CPU = Debug|Any CPU
		Release|Any CPU = Release|Any CPU
	EndGlobalSection
	GlobalSection(ProjectConfigurationPlatforms) = postSolution
		{F6DE4F96-C1B2-483C-8433-7FE27AA81D76}.Debug|Any CPU.ActiveCfg = Debug|Any CPU
		{F6DE4F96-C1B2-483C-8433-7FE27AA81D76}.Debug|Any CPU.Build.0 = Debug|Any CPU
		{F6DE4F96-C1B2-483C-8433-7FE27AA81D76}.Release|Any CPU.ActiveCfg = Release|Any CPU
		{F6DE4F96-C1B2-483C-8433-7FE27AA81D76}.Release|Any CPU.Build.0 = Release|Any CPU
	EndGlobalSection
	GlobalSection(SolutionProperties) = preSolution
		HideSolutionNode = FALSE
	EndGlobalSection
	GlobalSection(ExtensibilityGlobals) = postSolution
		SolutionGuid = {06D0B1E1-06E8-45B9-8763-AEEA99DA0A67}
	EndGlobalSection
EndGlobal
