
Microsoft Visual Studio Solution File, Format Version 12.00
# Visual Studio Version 16
VisualStudioVersion = 16.0.30114.105
MinimumVisualStudioVersion = 10.0.40219.1
Project("{FAE04EC0-301F-11D3-BF4B-00C04F79EFBC}") = "WPFAplikacija", "WPFAplikacija\WPFAplikacija.csproj", "{F3E5926A-D5FE-46FB-9C0E-EAB990998F6A}"
EndProject
Global
	GlobalSection(SolutionConfigurationPlatforms) = preSolution
		Debug|Any CPU = Debug|Any CPU
		Release|Any CPU = Release|Any CPU
	EndGlobalSection
	GlobalSection(ProjectConfigurationPlatforms) = postSolution
		{F3E5926A-D5FE-46FB-9C0E-EAB990998F6A}.Debug|Any CPU.ActiveCfg = Debug|Any CPU
		{F3E5926A-D5FE-46FB-9C0E-EAB990998F6A}.Debug|Any CPU.Build.0 = Debug|Any CPU
		{F3E5926A-D5FE-46FB-9C0E-EAB990998F6A}.Release|Any CPU.ActiveCfg = Release|Any CPU
		{F3E5926A-D5FE-46FB-9C0E-EAB990998F6A}.Release|Any CPU.Build.0 = Release|Any CPU
	EndGlobalSection
	GlobalSection(SolutionProperties) = preSolution
		HideSolutionNode = FALSE
	EndGlobalSection
	GlobalSection(ExtensibilityGlobals) = postSolution
		SolutionGuid = {E794A9EF-3DB4-45E2-9F2C-FE327F60CAAC}
	EndGlobalSection
EndGlobal
