
Microsoft Visual Studio Solution File, Format Version 12.00
# Visual Studio 15
VisualStudioVersion = 15.0.27428.2037
MinimumVisualStudioVersion = 10.0.40219.1
Project("{FAE04EC0-301F-11D3-BF4B-00C04F79EFBC}") = "Predavanje 14", "Predavanje 14\Predavanje 14.csproj", "{A396CACB-81C4-4565-B58A-B4320AF31D89}"
EndProject
Global
	GlobalSection(SolutionConfigurationPlatforms) = preSolution
		Debug|Any CPU = Debug|Any CPU
		Release|Any CPU = Release|Any CPU
	EndGlobalSection
	GlobalSection(ProjectConfigurationPlatforms) = postSolution
		{A396CACB-81C4-4565-B58A-B4320AF31D89}.Debug|Any CPU.ActiveCfg = Debug|Any CPU
		{A396CACB-81C4-4565-B58A-B4320AF31D89}.Debug|Any CPU.Build.0 = Debug|Any CPU
		{A396CACB-81C4-4565-B58A-B4320AF31D89}.Release|Any CPU.ActiveCfg = Release|Any CPU
		{A396CACB-81C4-4565-B58A-B4320AF31D89}.Release|Any CPU.Build.0 = Release|Any CPU
	EndGlobalSection
	GlobalSection(SolutionProperties) = preSolution
		HideSolutionNode = FALSE
	EndGlobalSection
	GlobalSection(ExtensibilityGlobals) = postSolution
		SolutionGuid = {EBE17520-C824-469B-AD8F-CB9A17C33690}
	EndGlobalSection
EndGlobal
