
Microsoft Visual Studio Solution File, Format Version 12.00
# Visual Studio 2012
Project("{FAE04EC0-301F-11D3-BF4B-00C04F79EFBC}") = "Predavanje 14", "Predavanje 14\Predavanje 14.csproj", "{80C776A6-D730-4FC5-A9A2-A666D9619C2A}"
EndProject
Global
	GlobalSection(SolutionConfigurationPlatforms) = preSolution
		Debug|Any CPU = Debug|Any CPU
		Release|Any CPU = Release|Any CPU
	EndGlobalSection
	GlobalSection(ProjectConfigurationPlatforms) = postSolution
		{80C776A6-D730-4FC5-A9A2-A666D9619C2A}.Debug|Any CPU.ActiveCfg = Debug|Any CPU
		{80C776A6-D730-4FC5-A9A2-A666D9619C2A}.Debug|Any CPU.Build.0 = Debug|Any CPU
		{80C776A6-D730-4FC5-A9A2-A666D9619C2A}.Release|Any CPU.ActiveCfg = Release|Any CPU
		{80C776A6-D730-4FC5-A9A2-A666D9619C2A}.Release|Any CPU.Build.0 = Release|Any CPU
	EndGlobalSection
	GlobalSection(SolutionProperties) = preSolution
		HideSolutionNode = FALSE
	EndGlobalSection
EndGlobal
