
Microsoft Visual Studio Solution File, Format Version 12.00
# Visual Studio 15
VisualStudioVersion = 15.0.28307.136
MinimumVisualStudioVersion = 10.0.40219.1
Project("{FAE04EC0-301F-11D3-BF4B-00C04F79EFBC}") = "Predavanje 7", "Predavanje 7\Predavanje 7.csproj", "{9658FA4C-7610-4BD5-B7D1-667BDC8696E9}"
EndProject
Global
	GlobalSection(SolutionConfigurationPlatforms) = preSolution
		Debug|Any CPU = Debug|Any CPU
		Release|Any CPU = Release|Any CPU
	EndGlobalSection
	GlobalSection(ProjectConfigurationPlatforms) = postSolution
		{9658FA4C-7610-4BD5-B7D1-667BDC8696E9}.Debug|Any CPU.ActiveCfg = Debug|Any CPU
		{9658FA4C-7610-4BD5-B7D1-667BDC8696E9}.Debug|Any CPU.Build.0 = Debug|Any CPU
		{9658FA4C-7610-4BD5-B7D1-667BDC8696E9}.Release|Any CPU.ActiveCfg = Release|Any CPU
		{9658FA4C-7610-4BD5-B7D1-667BDC8696E9}.Release|Any CPU.Build.0 = Release|Any CPU
	EndGlobalSection
	GlobalSection(SolutionProperties) = preSolution
		HideSolutionNode = FALSE
	EndGlobalSection
	GlobalSection(ExtensibilityGlobals) = postSolution
		SolutionGuid = {B54C0DB6-4B7F-446B-8AB5-499CF87DF6C6}
	EndGlobalSection
EndGlobal
