
Microsoft Visual Studio Solution File, Format Version 12.00
# Visual Studio 2012
Project("{FAE04EC0-301F-11D3-BF4B-00C04F79EFBC}") = "WCFClient", "WCFClient\WCFClient.csproj", "{4BC03785-894D-4E2C-B6CF-EACE895E0EFE}"
EndProject
Global
	GlobalSection(SolutionConfigurationPlatforms) = preSolution
		Debug|Any CPU = Debug|Any CPU
		Release|Any CPU = Release|Any CPU
	EndGlobalSection
	GlobalSection(ProjectConfigurationPlatforms) = postSolution
		{4BC03785-894D-4E2C-B6CF-EACE895E0EFE}.Debug|Any CPU.ActiveCfg = Debug|Any CPU
		{4BC03785-894D-4E2C-B6CF-EACE895E0EFE}.Debug|Any CPU.Build.0 = Debug|Any CPU
		{4BC03785-894D-4E2C-B6CF-EACE895E0EFE}.Release|Any CPU.ActiveCfg = Release|Any CPU
		{4BC03785-894D-4E2C-B6CF-EACE895E0EFE}.Release|Any CPU.Build.0 = Release|Any CPU
	EndGlobalSection
	GlobalSection(SolutionProperties) = preSolution
		HideSolutionNode = FALSE
	EndGlobalSection
EndGlobal
