
Microsoft Visual Studio Solution File, Format Version 12.00
# Visual Studio 15
VisualStudioVersion = 15.0.28307.136
MinimumVisualStudioVersion = 10.0.40219.1
Project("{FAE04EC0-301F-11D3-BF4B-00C04F79EFBC}") = "Predavanje 10", "Predavanje 10\Predavanje 10.csproj", "{FA291131-A665-47E3-8F2F-6D12165EB94E}"
EndProject
Global
	GlobalSection(SolutionConfigurationPlatforms) = preSolution
		Debug|Any CPU = Debug|Any CPU
		Release|Any CPU = Release|Any CPU
	EndGlobalSection
	GlobalSection(ProjectConfigurationPlatforms) = postSolution
		{FA291131-A665-47E3-8F2F-6D12165EB94E}.Debug|Any CPU.ActiveCfg = Debug|Any CPU
		{FA291131-A665-47E3-8F2F-6D12165EB94E}.Debug|Any CPU.Build.0 = Debug|Any CPU
		{FA291131-A665-47E3-8F2F-6D12165EB94E}.Release|Any CPU.ActiveCfg = Release|Any CPU
		{FA291131-A665-47E3-8F2F-6D12165EB94E}.Release|Any CPU.Build.0 = Release|Any CPU
	EndGlobalSection
	GlobalSection(SolutionProperties) = preSolution
		HideSolutionNode = FALSE
	EndGlobalSection
	GlobalSection(ExtensibilityGlobals) = postSolution
		SolutionGuid = {99ADB085-EE44-4587-8E8A-090AF603CE64}
	EndGlobalSection
EndGlobal
