
Microsoft Visual Studio Solution File, Format Version 12.00
# Visual Studio 15
VisualStudioVersion = 15.0.28307.421
MinimumVisualStudioVersion = 10.0.40219.1
Project("{FAE04EC0-301F-11D3-BF4B-00C04F79EFBC}") = "DOTNKlijent", "DOTNKlijent\DOTNKlijent.csproj", "{02A38A16-A515-40D7-AAFC-A401F2EC2B2B}"
EndProject
Global
	GlobalSection(SolutionConfigurationPlatforms) = preSolution
		Debug|Any CPU = Debug|Any CPU
		Release|Any CPU = Release|Any CPU
	EndGlobalSection
	GlobalSection(ProjectConfigurationPlatforms) = postSolution
		{02A38A16-A515-40D7-AAFC-A401F2EC2B2B}.Debug|Any CPU.ActiveCfg = Debug|Any CPU
		{02A38A16-A515-40D7-AAFC-A401F2EC2B2B}.Debug|Any CPU.Build.0 = Debug|Any CPU
		{02A38A16-A515-40D7-AAFC-A401F2EC2B2B}.Release|Any CPU.ActiveCfg = Release|Any CPU
		{02A38A16-A515-40D7-AAFC-A401F2EC2B2B}.Release|Any CPU.Build.0 = Release|Any CPU
	EndGlobalSection
	GlobalSection(SolutionProperties) = preSolution
		HideSolutionNode = FALSE
	EndGlobalSection
	GlobalSection(ExtensibilityGlobals) = postSolution
		SolutionGuid = {7AF505EB-2DAF-4E7E-AD56-53116168E5E4}
	EndGlobalSection
EndGlobal
